github.com/zhengkai/mpp v1.0.2 h1:SHO21bZ1yTTQ2pdWg5ZuBXtm6XezWwsXD1YZkA8DSbI=
github.com/zhengkai/mpp v1.0.2/go.mod h1:eRgv81DXmlB6CWszlnSx1darcvyCXb9ldYzD6lzj75k=
github.com/zhengkai/rtm v1.0.2 h1:IpbpiArFSlj05kBJM2Em77MX+xPlzfZJPCF9Tdv9Ye4=
github.com/zhengkai/rtm v1.0.2/go.mod h1:t9l5aszgV0vNMyLCcq76zPzo7uUmSl6sEQWZFKmOdbM=
golang.org/x/net v0.0.0-20181220203305-927f97764cc3 h1:eH6Eip3UpmR+yM/qI9Ijluzb1bNv/cAU/n+6l8tRSis=
golang.org/x/net v0.0.0-20181220203305-927f97764cc3/go.mod h1:mL1N/T3taQHkDXs73rZJwtUhF3w3ftmwwsq0BUmARs4=
